<?xml version="1.0" encoding="utf-8"?>
<Project ToolsVersion="4.0" xmlns="http://schemas.microsoft.com/developer/msbuild/2003">
  <ItemGroup>
    <Filter Include="Header Files">
      <UniqueIdentifier>{93995380-89BD-4b04-88EB-625FBE52EBFB}</UniqueIdentifier>
      <Extensions>h;hh;hpp;hxx;hm;inl;inc;xsd</Extensions>
    </Filter>
    <Filter Include="Source Files">
      <UniqueIdentifier>{4FC737F1-C7A5-4376-A066-2A32D752A2FF}</UniqueIdentifier>
      <Extensions>cpp;c;cc;cxx;def;odl;idl;hpj;bat;asm;asmx</Extensions>
    </Filter>
    <Filter Include="Resource Files">
      <UniqueIdentifier>{67DA6AB6-F800-4c08-8B7A-83BB121AAD01}</UniqueIdentifier>
      <Extensions>rc;ico;cur;bmp;dlg;rc2;rct;bin;rgs;gif;jpg;jpeg;jpe;resx;tiff;tif;png;wav;mfcribbon-ms</Extensions>
    </Filter>
    <Filter Include="Header Files\debug">
      <UniqueIdentifier>{7957408a-4a5d-4984-a952-d8c818fe69bb}</UniqueIdentifier>
    </Filter>
    <Filter Include="Source Files\debug">
      <UniqueIdentifier>{0fd53b2c-3230-417e-9aaf-b65aa60dfc90}</UniqueIdentifier>
    </Filter>
  </ItemGroup>
  <ItemGroup>
    <ClInclude Include="include\core\Application.h">
      <Filter>Header Files</Filter>
    </ClInclude>
    <ClInclude Include="include\core\Array.h">
      <Filter>Header Files</Filter>
    </ClInclude>
    <ClInclude Include="include\core\ConfigMacros.h">
      <Filter>Header Files</Filter>
    </ClInclude>
    <ClInclude Include="include\core\List.h">
      <Filter>Header Files</Filter>
    </ClInclude>
    <ClInclude Include="include\core\Log.h">
      <Filter>Header Files</Filter>
    </ClInclude>
    <ClInclude Include="include\core\LogManager.h">
      <Filter>Header Files</Filter>
    </ClInclude>
    <ClInclude Include="include\core\Map.h">
      <Filter>Header Files</Filter>
    </ClInclude>
    <ClInclude Include="include\core\Numeric.h">
      <Filter>Header Files</Filter>
    </ClInclude>
    <ClInclude Include="include\core\Platform.h">
      <Filter>Header Files</Filter>
    </ClInclude>
    <ClInclude Include="include\core\Singleton.h">
      <Filter>Header Files</Filter>
    </ClInclude>
    <ClInclude Include="include\core\String.h">
      <Filter>Header Files</Filter>
    </ClInclude>
    <ClInclude Include="include\core\StringStream.h">
      <Filter>Header Files</Filter>
    </ClInclude>
    <ClInclude Include="include\core\Types.h">
      <Filter>Header Files</Filter>
    </ClInclude>
    <ClInclude Include="include\core\UtilityMacros.h">
      <Filter>Header Files</Filter>
    </ClInclude>
    <ClInclude Include="include\core\UtilityMacrosInternal.h">
      <Filter>Header Files</Filter>
    </ClInclude>
    <ClInclude Include="include\core\Vector.h">
      <Filter>Header Files</Filter>
    </ClInclude>
    <ClInclude Include="include\core\debug\Assert.h">
      <Filter>Header Files\debug</Filter>
    </ClInclude>
    <ClInclude Include="include\core\debug\StackTrace.h">
      <Filter>Header Files\debug</Filter>
    </ClInclude>
    <ClInclude Include="include\core\Memory.h">
      <Filter>Header Files</Filter>
    </ClInclude>
    <ClInclude Include="include\core\debug\AllocationTrace.h">
      <Filter>Header Files\debug</Filter>
    </ClInclude>
  </ItemGroup>
  <ItemGroup>
    <None Include="include\core\Log.inl">
      <Filter>Header Files</Filter>
    </None>
    <None Include="include\core\Numeric.inl">
      <Filter>Header Files</Filter>
    </None>
    <None Include="include\core\Singleton.inl">
      <Filter>Header Files</Filter>
    </None>
  </ItemGroup>
  <ItemGroup>
    <ClCompile Include="source\Log.cpp">
      <Filter>Source Files</Filter>
    </ClCompile>
    <ClCompile Include="source\LogManager.cpp">
      <Filter>Source Files</Filter>
    </ClCompile>
    <ClCompile Include="source\String.cpp">
      <Filter>Source Files</Filter>
    </ClCompile>
    <ClCompile Include="source\Types.cpp">
      <Filter>Source Files</Filter>
    </ClCompile>
    <ClCompile Include="source\debug\Assert.cpp">
      <Filter>Source Files\debug</Filter>
    </ClCompile>
    <ClCompile Include="source\Memory.cpp">
      <Filter>Source Files</Filter>
    </ClCompile>
    <ClCompile Include="source\debug\AllocationTrace.cpp">
      <Filter>Source Files\debug</Filter>
    </ClCompile>
  </ItemGroup>
</Project>