<?xml version="1.0" encoding="utf-8"?>
<Project ToolsVersion="4.0" xmlns="http://schemas.microsoft.com/developer/msbuild/2003">
  <ItemGroup>
    <Filter Include="Header Files">
      <UniqueIdentifier>{93995380-89BD-4b04-88EB-625FBE52EBFB}</UniqueIdentifier>
      <Extensions>h;hh;hpp;hxx;hm;inl;inc;xsd</Extensions>
    </Filter>
    <Filter Include="Header Files\debug">
      <UniqueIdentifier>{7957408a-4a5d-4984-a952-d8c818fe69bb}</UniqueIdentifier>
    </Filter>
    <Filter Include="Header Files\inline">
      <UniqueIdentifier>{5939b29e-d67b-4e2e-9efe-24b7a0083470}</UniqueIdentifier>
    </Filter>
    <Filter Include="Header Files\maths">
      <UniqueIdentifier>{fb0cde87-e83c-4087-82fc-a9d3a52e1be7}</UniqueIdentifier>
    </Filter>
    <Filter Include="Header Files\maths\inline">
      <UniqueIdentifier>{e6123efb-2aee-43f1-9a49-8029b372306f}</UniqueIdentifier>
    </Filter>
    <Filter Include="Header Files\memory">
      <UniqueIdentifier>{6b24983b-2524-4b20-97d4-914d09aa29cf}</UniqueIdentifier>
    </Filter>
    <Filter Include="Header Files\memory\inline">
      <UniqueIdentifier>{4dbeb8c1-7ca1-4e88-99f2-9035f78ae4aa}</UniqueIdentifier>
    </Filter>
    <Filter Include="Source Files">
      <UniqueIdentifier>{4FC737F1-C7A5-4376-A066-2A32D752A2FF}</UniqueIdentifier>
      <Extensions>cpp;c;cc;cxx;def;odl;idl;hpj;bat;asm;asmx</Extensions>
    </Filter>
    <Filter Include="Source Files\debug">
      <UniqueIdentifier>{0fd53b2c-3230-417e-9aaf-b65aa60dfc90}</UniqueIdentifier>
    </Filter>
    <Filter Include="Source Files\maths">
      <UniqueIdentifier>{08a3479e-1b67-4549-b268-905c2693af5e}</UniqueIdentifier>
    </Filter>
    <Filter Include="Source Files\memory">
      <UniqueIdentifier>{c90a8658-5814-4704-90ae-0903eeec1f42}</UniqueIdentifier>
    </Filter>
  </ItemGroup>
  <ItemGroup>
    <ClInclude Include="include\core\Application.h">
      <Filter>Header Files</Filter>
    </ClInclude>
    <ClInclude Include="include\core\Array.h">
      <Filter>Header Files</Filter>
    </ClInclude>
    <ClInclude Include="include\core\Config.h">
      <Filter>Header Files</Filter>
    </ClInclude>
    <ClInclude Include="include\core\ConfigInternal.h">
      <Filter>Header Files</Filter>
    </ClInclude>
    <ClInclude Include="include\core\Error.h">
      <Filter>Header Files</Filter>
    </ClInclude>
    <ClInclude Include="include\core\FileStream.h">
      <Filter>Header Files</Filter>
    </ClInclude>
    <ClInclude Include="include\core\FileSystem.h">
      <Filter>Header Files</Filter>
    </ClInclude>
    <ClInclude Include="include\core\InitialiserList.h">
      <Filter>Header Files</Filter>
    </ClInclude>
    <ClInclude Include="include\core\List.h">
      <Filter>Header Files</Filter>
    </ClInclude>
    <ClInclude Include="include\core\Log.h">
      <Filter>Header Files</Filter>
    </ClInclude>
    <ClInclude Include="include\core\LogBuffer.h">
      <Filter>Header Files</Filter>
    </ClInclude>
    <ClInclude Include="include\core\LogManager.h">
      <Filter>Header Files</Filter>
    </ClInclude>
    <ClInclude Include="include\core\Main.h">
      <Filter>Header Files</Filter>
    </ClInclude>
    <ClInclude Include="include\core\Map.h">
      <Filter>Header Files</Filter>
    </ClInclude>
    <ClInclude Include="include\core\Memory.h">
      <Filter>Header Files</Filter>
    </ClInclude>
    <ClInclude Include="include\core\Numeric.h">
      <Filter>Header Files</Filter>
    </ClInclude>
    <ClInclude Include="include\core\Platform.h">
      <Filter>Header Files</Filter>
    </ClInclude>
    <ClInclude Include="include\core\Rectangle.h">
      <Filter>Header Files</Filter>
    </ClInclude>
    <ClInclude Include="include\core\Set.h">
      <Filter>Header Files</Filter>
    </ClInclude>
    <ClInclude Include="include\core\Singleton.h">
      <Filter>Header Files</Filter>
    </ClInclude>
    <ClInclude Include="include\core\String.h">
      <Filter>Header Files</Filter>
    </ClInclude>
    <ClInclude Include="include\core\StringStream.h">
      <Filter>Header Files</Filter>
    </ClInclude>
    <ClInclude Include="include\core\Thread.h">
      <Filter>Header Files</Filter>
    </ClInclude>
    <ClInclude Include="include\core\Types.h">
      <Filter>Header Files</Filter>
    </ClInclude>
    <ClInclude Include="include\core\UtilityMacros.h">
      <Filter>Header Files</Filter>
    </ClInclude>
    <ClInclude Include="include\core\UtilityMacrosInternal.h">
      <Filter>Header Files</Filter>
    </ClInclude>
    <ClInclude Include="include\core\Vector.h">
      <Filter>Header Files</Filter>
    </ClInclude>
    <ClInclude Include="include\core\debug\AllocationTracker.h">
      <Filter>Header Files\debug</Filter>
    </ClInclude>
    <ClInclude Include="include\core\debug\Assert.h">
      <Filter>Header Files\debug</Filter>
    </ClInclude>
    <ClInclude Include="include\core\debug\StackTrace.h">
      <Filter>Header Files\debug</Filter>
    </ClInclude>
    <ClInclude Include="include\core\maths\Angle.h">
      <Filter>Header Files\maths</Filter>
    </ClInclude>
    <ClInclude Include="include\core\maths\Matrix4.h">
      <Filter>Header Files\maths</Filter>
    </ClInclude>
    <ClInclude Include="include\core\maths\Utility.h">
      <Filter>Header Files\maths</Filter>
    </ClInclude>
    <ClInclude Include="include\core\maths\Vector2.h">
      <Filter>Header Files\maths</Filter>
    </ClInclude>
    <ClInclude Include="include\core\maths\Vector3.h">
      <Filter>Header Files\maths</Filter>
    </ClInclude>
    <ClInclude Include="include\core\maths\Vector4.h">
      <Filter>Header Files\maths</Filter>
    </ClInclude>
    <ClInclude Include="include\core\memory\AllocationPolicy.h">
      <Filter>Header Files\memory</Filter>
    </ClInclude>
    <ClInclude Include="include\core\memory\AllocationPolicyBase.h">
      <Filter>Header Files\memory</Filter>
    </ClInclude>
    <ClInclude Include="include\core\memory\STDAllocator.h">
      <Filter>Header Files\memory</Filter>
    </ClInclude>
  </ItemGroup>
  <ItemGroup>
    <None Include="include\core\inline\FileStream.inl">
      <Filter>Header Files\inline</Filter>
    </None>
    <None Include="include\core\inline\Log.inl">
      <Filter>Header Files\inline</Filter>
    </None>
    <None Include="include\core\inline\LogBuffer.inl">
      <Filter>Header Files\inline</Filter>
    </None>
    <None Include="include\core\inline\Memory.inl">
      <Filter>Header Files\inline</Filter>
    </None>
    <None Include="include\core\inline\Numeric.inl">
      <Filter>Header Files\inline</Filter>
    </None>
    <None Include="include\core\inline\Rectangle.inl">
      <Filter>Header Files\inline</Filter>
    </None>
    <None Include="include\core\inline\Singleton.inl">
      <Filter>Header Files\inline</Filter>
    </None>
    <None Include="include\core\maths\inline\Angle.inl">
      <Filter>Header Files\maths\inline</Filter>
    </None>
    <None Include="include\core\maths\inline\Matrix4.inl">
      <Filter>Header Files\maths\inline</Filter>
    </None>
    <None Include="include\core\maths\inline\Utility.inl">
      <Filter>Header Files\maths\inline</Filter>
    </None>
    <None Include="include\core\maths\inline\Vector2.inl">
      <Filter>Header Files\maths\inline</Filter>
    </None>
    <None Include="include\core\maths\inline\Vector3.inl">
      <Filter>Header Files\maths\inline</Filter>
    </None>
    <None Include="include\core\maths\inline\Vector4.inl">
      <Filter>Header Files\maths\inline</Filter>
    </None>
    <None Include="include\core\memory\inline\STDAllocator.inl">
      <Filter>Header Files\memory\inline</Filter>
    </None>
  </ItemGroup>
  <ItemGroup>
    <ClCompile Include="source\Application.cpp">
      <Filter>Source Files</Filter>
    </ClCompile>
    <ClCompile Include="source\Error.cpp">
      <Filter>Source Files</Filter>
    </ClCompile>
    <ClCompile Include="source\Log.cpp">
      <Filter>Source Files</Filter>
    </ClCompile>
    <ClCompile Include="source\LogBuffer.cpp">
      <Filter>Source Files</Filter>
    </ClCompile>
    <ClCompile Include="source\LogManager.cpp">
      <Filter>Source Files</Filter>
    </ClCompile>
    <ClCompile Include="source\Memory.cpp">
      <Filter>Source Files</Filter>
    </ClCompile>
    <ClCompile Include="source\Rectangle.cpp">
      <Filter>Source Files</Filter>
    </ClCompile>
    <ClCompile Include="source\String.cpp">
      <Filter>Source Files</Filter>
    </ClCompile>
    <ClCompile Include="source\Types.cpp">
      <Filter>Source Files</Filter>
    </ClCompile>
    <ClCompile Include="source\debug\AllocationTracker.cpp">
      <Filter>Source Files\debug</Filter>
    </ClCompile>
    <ClCompile Include="source\debug\Assert.cpp">
      <Filter>Source Files\debug</Filter>
    </ClCompile>
    <ClCompile Include="source\maths\Angle.cpp">
      <Filter>Source Files\maths</Filter>
    </ClCompile>
    <ClCompile Include="source\maths\Matrix4.cpp">
      <Filter>Source Files\maths</Filter>
    </ClCompile>
    <ClCompile Include="source\maths\Vector2.cpp">
      <Filter>Source Files\maths</Filter>
    </ClCompile>
    <ClCompile Include="source\maths\Vector3.cpp">
      <Filter>Source Files\maths</Filter>
    </ClCompile>
    <ClCompile Include="source\maths\Vector4.cpp">
      <Filter>Source Files\maths</Filter>
    </ClCompile>
    <ClCompile Include="source\memory\AllocationPolicy.cpp">
      <Filter>Source Files\memory</Filter>
    </ClCompile>
    <ClCompile Include="source\memory\AllocationPolicyBase.cpp">
      <Filter>Source Files\memory</Filter>
    </ClCompile>
  </ItemGroup>
</Project>
