<?xml version="1.0" encoding="utf-8"?>
<Project ToolsVersion="4.0" xmlns="http://schemas.microsoft.com/developer/msbuild/2003">
  <ItemGroup>
    <Filter Include="Header Files">
      <UniqueIdentifier>{93995380-89BD-4b04-88EB-625FBE52EBFB}</UniqueIdentifier>
      <Extensions>h;hh;hpp;hxx;hm;inl;inc;xsd</Extensions>
    </Filter>
    <Filter Include="Header Files\opengl">
      <UniqueIdentifier>{6132255c-fa73-4875-bfcb-a77dacecfdf2}</UniqueIdentifier>
    </Filter>
    <Filter Include="Header Files\opengl\inline">
      <UniqueIdentifier>{987b76e0-386a-4d3b-a363-de5d06cc22e2}</UniqueIdentifier>
    </Filter>
    <Filter Include="Header Files\wgl">
      <UniqueIdentifier>{00b5cb3d-63d7-418c-8143-97d01ea7ce2c}</UniqueIdentifier>
    </Filter>
    <Filter Include="Header Files\wgl\inline">
      <UniqueIdentifier>{edcf11c1-d55f-44c2-a2a2-a262d8fdafeb}</UniqueIdentifier>
    </Filter>
    <Filter Include="Header Files\windows">
      <UniqueIdentifier>{e4967b5d-4f79-4fd9-b8f5-a04b0f4e2b79}</UniqueIdentifier>
    </Filter>
    <Filter Include="Header Files\windows\inline">
      <UniqueIdentifier>{5420f3dc-593a-4800-b8f5-193136ae7c5c}</UniqueIdentifier>
    </Filter>
    <Filter Include="Source Files">
      <UniqueIdentifier>{4FC737F1-C7A5-4376-A066-2A32D752A2FF}</UniqueIdentifier>
      <Extensions>cpp;c;cc;cxx;def;odl;idl;hpj;bat;asm;asmx</Extensions>
    </Filter>
    <Filter Include="Source Files\opengl">
      <UniqueIdentifier>{7439e1d0-01f4-4c16-9f1f-7b1ebbe9177c}</UniqueIdentifier>
    </Filter>
    <Filter Include="Source Files\wgl">
      <UniqueIdentifier>{8f5a2cf4-01df-47f0-be5b-2205bae57998}</UniqueIdentifier>
    </Filter>
    <Filter Include="Source Files\windows">
      <UniqueIdentifier>{3b414000-a269-4c3b-b8b7-7192d2ea7f45}</UniqueIdentifier>
    </Filter>
    <Filter Include="Header Files\inline">
      <UniqueIdentifier>{2cac1e45-bf97-4c4f-9369-ca45428f3a5d}</UniqueIdentifier>
    </Filter>
  </ItemGroup>
  <ItemGroup>
    <ClInclude Include="include\platform\GraphicsExtensionHelper.h">
      <Filter>Header Files</Filter>
    </ClInclude>
    <ClInclude Include="include\platform\PlatformInternal.h">
      <Filter>Header Files</Filter>
    </ClInclude>
    <ClInclude Include="include\platform\opengl\OpenGL.h">
      <Filter>Header Files\opengl</Filter>
    </ClInclude>
    <ClInclude Include="include\platform\opengl\OpenGLGraphicsBuffer.h">
      <Filter>Header Files\opengl</Filter>
    </ClInclude>
    <ClInclude Include="include\platform\opengl\OpenGLGraphicsEnumerations.h">
      <Filter>Header Files\opengl</Filter>
    </ClInclude>
    <ClInclude Include="include\platform\opengl\OpenGLShader.h">
      <Filter>Header Files\opengl</Filter>
    </ClInclude>
    <ClInclude Include="include\platform\wgl\WGL.h">
      <Filter>Header Files\wgl</Filter>
    </ClInclude>
    <ClInclude Include="include\platform\wgl\WGLGraphicsConfig.h">
      <Filter>Header Files\wgl</Filter>
    </ClInclude>
    <ClInclude Include="include\platform\wgl\WGLGraphicsConfigChooser.h">
      <Filter>Header Files\wgl</Filter>
    </ClInclude>
    <ClInclude Include="include\platform\wgl\WGLGraphicsContextBase.h">
      <Filter>Header Files\wgl</Filter>
    </ClInclude>
    <ClInclude Include="include\platform\wgl\WGLTemporaryGraphicsContext.h">
      <Filter>Header Files\wgl</Filter>
    </ClInclude>
    <ClInclude Include="include\platform\windows\Windows.h">
      <Filter>Header Files\windows</Filter>
    </ClInclude>
    <ClInclude Include="include\platform\windows\WindowsGraphics.h">
      <Filter>Header Files\windows</Filter>
    </ClInclude>
    <ClInclude Include="include\platform\windows\WindowsIcon.h">
      <Filter>Header Files\windows</Filter>
    </ClInclude>
    <ClInclude Include="include\platform\windows\WindowsWindow.h">
      <Filter>Header Files\windows</Filter>
    </ClInclude>
  </ItemGroup>
  <ItemGroup>
    <None Include="include\platform\opengl\inline\OpenGLGraphicsBuffer.inl">
      <Filter>Header Files\opengl\inline</Filter>
    </None>
    <None Include="include\platform\opengl\inline\OpenGLShader.inl">
      <Filter>Header Files\opengl\inline</Filter>
    </None>
    <None Include="include\platform\wgl\inline\WGLGraphicsConfig.inl">
      <Filter>Header Files\wgl\inline</Filter>
    </None>
    <None Include="include\platform\wgl\inline\WGLGraphicsContextBase.inl">
      <Filter>Header Files\wgl\inline</Filter>
    </None>
    <None Include="include\platform\windows\inline\WindowsIcon.inl">
      <Filter>Header Files\windows\inline</Filter>
    </None>
    <None Include="include\platform\windows\inline\WindowsWindow.inl">
      <Filter>Header Files\windows\inline</Filter>
    </None>
    <None Include="include\platform\inline\GraphicsExtensionHelper.inl">
      <Filter>Header Files\inline</Filter>
    </None>
  </ItemGroup>
  <ItemGroup>
    <ClCompile Include="source\GraphicsExtensionHelper.cpp">
      <Filter>Source Files</Filter>
    </ClCompile>
    <ClCompile Include="source\opengl\OpenGL.cpp">
      <Filter>Source Files\opengl</Filter>
    </ClCompile>
    <ClCompile Include="source\opengl\OpenGLEffect.cpp">
      <Filter>Source Files\opengl</Filter>
    </ClCompile>
    <ClCompile Include="source\opengl\OpenGLGraphicsBuffer.cpp">
      <Filter>Source Files\opengl</Filter>
    </ClCompile>
    <ClCompile Include="source\opengl\OpenGLGraphicsDevice.cpp">
      <Filter>Source Files\opengl</Filter>
    </ClCompile>
    <ClCompile Include="source\opengl\OpenGLShader.cpp">
      <Filter>Source Files\opengl</Filter>
    </ClCompile>
    <ClCompile Include="source\opengl\OpenGLVertexBufferState.cpp">
      <Filter>Source Files\opengl</Filter>
    </ClCompile>
    <ClCompile Include="source\wgl\WGL.cpp">
      <Filter>Source Files\wgl</Filter>
    </ClCompile>
    <ClCompile Include="source\wgl\WGLGraphicsConfig.cpp">
      <Filter>Source Files\wgl</Filter>
    </ClCompile>
    <ClCompile Include="source\wgl\WGLGraphicsConfigChooser.cpp">
      <Filter>Source Files\wgl</Filter>
    </ClCompile>
    <ClCompile Include="source\wgl\WGLGraphicsContext.cpp">
      <Filter>Source Files\wgl</Filter>
    </ClCompile>
    <ClCompile Include="source\wgl\WGLGraphicsContextBase.cpp">
      <Filter>Source Files\wgl</Filter>
    </ClCompile>
    <ClCompile Include="source\wgl\WGLTemporaryGraphicsContext.cpp">
      <Filter>Source Files\wgl</Filter>
    </ClCompile>
    <ClCompile Include="source\windows\Windows.cpp">
      <Filter>Source Files\windows</Filter>
    </ClCompile>
    <ClCompile Include="source\windows\WindowsFileStream.cpp">
      <Filter>Source Files\windows</Filter>
    </ClCompile>
    <ClCompile Include="source\windows\WindowsFileSystem.cpp">
      <Filter>Source Files\windows</Filter>
    </ClCompile>
    <ClCompile Include="source\windows\WindowsGraphicsAdapter.cpp">
      <Filter>Source Files\windows</Filter>
    </ClCompile>
    <ClCompile Include="source\windows\WindowsGraphicsAdapterManager.cpp">
      <Filter>Source Files\windows</Filter>
    </ClCompile>
    <ClCompile Include="source\windows\WindowsIcon.cpp">
      <Filter>Source Files\windows</Filter>
    </ClCompile>
    <ClCompile Include="source\windows\WindowsLog.cpp">
      <Filter>Source Files\windows</Filter>
    </ClCompile>
    <ClCompile Include="source\windows\WindowsLogManager.cpp">
      <Filter>Source Files\windows</Filter>
    </ClCompile>
    <ClCompile Include="source\windows\WindowsMain.cpp">
      <Filter>Source Files\windows</Filter>
    </ClCompile>
    <ClCompile Include="source\windows\WindowsStackTrace.cpp">
      <Filter>Source Files\windows</Filter>
    </ClCompile>
    <ClCompile Include="source\windows\WindowsWindow.cpp">
      <Filter>Source Files\windows</Filter>
    </ClCompile>
    <ClCompile Include="source\windows\WindowsWindowManager.cpp">
      <Filter>Source Files\windows</Filter>
    </ClCompile>
    <ClCompile Include="source\wgl\WGLGraphicsExtensionHelper.cpp">
      <Filter>Source Files\wgl</Filter>
    </ClCompile>
    <ClCompile Include="source\wgl\WGLGraphicsDeviceManager.cpp">
      <Filter>Source Files\wgl</Filter>
    </ClCompile>
  </ItemGroup>
</Project>