<?xml version="1.0" encoding="utf-8"?>
<Project ToolsVersion="4.0" xmlns="http://schemas.microsoft.com/developer/msbuild/2003">
  <ItemGroup>
    <Filter Include="Header Files">
      <UniqueIdentifier>{93995380-89BD-4b04-88EB-625FBE52EBFB}</UniqueIdentifier>
      <Extensions>h;hh;hpp;hxx;hm;inl;inc;xsd</Extensions>
    </Filter>
    <Filter Include="Header Files\windows">
      <UniqueIdentifier>{e4967b5d-4f79-4fd9-b8f5-a04b0f4e2b79}</UniqueIdentifier>
    </Filter>
    <Filter Include="Source Files">
      <UniqueIdentifier>{4FC737F1-C7A5-4376-A066-2A32D752A2FF}</UniqueIdentifier>
      <Extensions>cpp;c;cc;cxx;def;odl;idl;hpj;bat;asm;asmx</Extensions>
    </Filter>
    <Filter Include="Source Files\windows">
      <UniqueIdentifier>{3b414000-a269-4c3b-b8b7-7192d2ea7f45}</UniqueIdentifier>
    </Filter>
    <Filter Include="Resource Files">
      <UniqueIdentifier>{67DA6AB6-F800-4c08-8B7A-83BB121AAD01}</UniqueIdentifier>
      <Extensions>rc;ico;cur;bmp;dlg;rc2;rct;bin;rgs;gif;jpg;jpeg;jpe;resx;tiff;tif;png;wav;mfcribbon-ms</Extensions>
    </Filter>
  </ItemGroup>
  <ItemGroup>
    <ClInclude Include="include\platform\PlatformInternal.h">
      <Filter>Header Files</Filter>
    </ClInclude>
    <ClInclude Include="include\platform\windows\Windows.h">
      <Filter>Header Files\windows</Filter>
    </ClInclude>
  </ItemGroup>
  <ItemGroup>
    <ClCompile Include="source\windows\Windows.cpp">
      <Filter>Source Files\windows</Filter>
    </ClCompile>
    <ClCompile Include="source\windows\WindowsApplication.cpp">
      <Filter>Source Files\windows</Filter>
    </ClCompile>
    <ClCompile Include="source\windows\WindowsFileStream.cpp">
      <Filter>Source Files\windows</Filter>
    </ClCompile>
    <ClCompile Include="source\windows\WindowsFileSystem.cpp">
      <Filter>Source Files\windows</Filter>
    </ClCompile>
    <ClCompile Include="source\windows\WindowsGraphicsAdapter.cpp">
      <Filter>Source Files\windows</Filter>
    </ClCompile>
    <ClCompile Include="source\windows\WindowsGraphicsAdapterManager.cpp">
      <Filter>Source Files\windows</Filter>
    </ClCompile>
    <ClCompile Include="source\windows\WindowsLog.cpp">
      <Filter>Source Files\windows</Filter>
    </ClCompile>
    <ClCompile Include="source\windows\WindowsLogManager.cpp">
      <Filter>Source Files\windows</Filter>
    </ClCompile>
    <ClCompile Include="source\windows\WindowsStackTrace.cpp">
      <Filter>Source Files\windows</Filter>
    </ClCompile>
    <ClCompile Include="source\windows\WindowsWindow.cpp">
      <Filter>Source Files\windows</Filter>
    </ClCompile>
    <ClCompile Include="source\windows\WindowsWindowManager.cpp">
      <Filter>Source Files\windows</Filter>
    </ClCompile>
  </ItemGroup>
</Project>
